
Microsoft Visual Studio Solution File, Format Version 12.00
# Visual Studio Version 16
VisualStudioVersion = 16.0.31624.102
MinimumVisualStudioVersion = 10.0.40219.1
Project("{9A19103F-16F7-4668-BE54-9A1E7A4F7556}") = "Enumeradores", "Enumeradores\Enumeradores.csproj", "{6F82D8AC-F7C3-4884-8521-D81218EC64B6}"
EndProject
Project("{9A19103F-16F7-4668-BE54-9A1E7A4F7556}") = "ExercicioUm", "ExercicioUm\ExercicioUm.csproj", "{5D000A26-048A-4AB0-A1BC-B76B37AA82A5}"
EndProject
Project("{9A19103F-16F7-4668-BE54-9A1E7A4F7556}") = "Posts", "Posts\Posts.csproj", "{0319A132-997B-4E06-AAA3-1E157AF38453}"
EndProject
Project("{9A19103F-16F7-4668-BE54-9A1E7A4F7556}") = "Desafio1", "Desafio1\Desafio1.csproj", "{A25F6072-9CF0-4D8F-84E5-7BEE0FF74A11}"
EndProject
Project("{9A19103F-16F7-4668-BE54-9A1E7A4F7556}") = "Heranca", "Heranca\Heranca.csproj", "{75AD8DD6-8C70-4782-95A9-F276FE5FB1C2}"
EndProject
Project("{9A19103F-16F7-4668-BE54-9A1E7A4F7556}") = "Exception", "Exception\Exception.csproj", "{A46370D8-0C36-45D6-89E6-0B49E655FF31}"
EndProject
Project("{FAE04EC0-301F-11D3-BF4B-00C04F79EFBC}") = "ProjetoXadez", "ProjetoXadez\ProjetoXadez.csproj", "{2C17D00B-8683-4463-8681-526515DB1BD1}"
EndProject
Global
	GlobalSection(SolutionConfigurationPlatforms) = preSolution
		Debug|Any CPU = Debug|Any CPU
		Release|Any CPU = Release|Any CPU
	EndGlobalSection
	GlobalSection(ProjectConfigurationPlatforms) = postSolution
		{6F82D8AC-F7C3-4884-8521-D81218EC64B6}.Debug|Any CPU.ActiveCfg = Debug|Any CPU
		{6F82D8AC-F7C3-4884-8521-D81218EC64B6}.Debug|Any CPU.Build.0 = Debug|Any CPU
		{6F82D8AC-F7C3-4884-8521-D81218EC64B6}.Release|Any CPU.ActiveCfg = Release|Any CPU
		{6F82D8AC-F7C3-4884-8521-D81218EC64B6}.Release|Any CPU.Build.0 = Release|Any CPU
		{5D000A26-048A-4AB0-A1BC-B76B37AA82A5}.Debug|Any CPU.ActiveCfg = Debug|Any CPU
		{5D000A26-048A-4AB0-A1BC-B76B37AA82A5}.Debug|Any CPU.Build.0 = Debug|Any CPU
		{5D000A26-048A-4AB0-A1BC-B76B37AA82A5}.Release|Any CPU.ActiveCfg = Release|Any CPU
		{5D000A26-048A-4AB0-A1BC-B76B37AA82A5}.Release|Any CPU.Build.0 = Release|Any CPU
		{0319A132-997B-4E06-AAA3-1E157AF38453}.Debug|Any CPU.ActiveCfg = Debug|Any CPU
		{0319A132-997B-4E06-AAA3-1E157AF38453}.Debug|Any CPU.Build.0 = Debug|Any CPU
		{0319A132-997B-4E06-AAA3-1E157AF38453}.Release|Any CPU.ActiveCfg = Release|Any CPU
		{0319A132-997B-4E06-AAA3-1E157AF38453}.Release|Any CPU.Build.0 = Release|Any CPU
		{A25F6072-9CF0-4D8F-84E5-7BEE0FF74A11}.Debug|Any CPU.ActiveCfg = Debug|Any CPU
		{A25F6072-9CF0-4D8F-84E5-7BEE0FF74A11}.Debug|Any CPU.Build.0 = Debug|Any CPU
		{A25F6072-9CF0-4D8F-84E5-7BEE0FF74A11}.Release|Any CPU.ActiveCfg = Release|Any CPU
		{A25F6072-9CF0-4D8F-84E5-7BEE0FF74A11}.Release|Any CPU.Build.0 = Release|Any CPU
		{75AD8DD6-8C70-4782-95A9-F276FE5FB1C2}.Debug|Any CPU.ActiveCfg = Debug|Any CPU
		{75AD8DD6-8C70-4782-95A9-F276FE5FB1C2}.Debug|Any CPU.Build.0 = Debug|Any CPU
		{75AD8DD6-8C70-4782-95A9-F276FE5FB1C2}.Release|Any CPU.ActiveCfg = Release|Any CPU
		{75AD8DD6-8C70-4782-95A9-F276FE5FB1C2}.Release|Any CPU.Build.0 = Release|Any CPU
		{A46370D8-0C36-45D6-89E6-0B49E655FF31}.Debug|Any CPU.ActiveCfg = Debug|Any CPU
		{A46370D8-0C36-45D6-89E6-0B49E655FF31}.Debug|Any CPU.Build.0 = Debug|Any CPU
		{A46370D8-0C36-45D6-89E6-0B49E655FF31}.Release|Any CPU.ActiveCfg = Release|Any CPU
		{A46370D8-0C36-45D6-89E6-0B49E655FF31}.Release|Any CPU.Build.0 = Release|Any CPU
		{2C17D00B-8683-4463-8681-526515DB1BD1}.Debug|Any CPU.ActiveCfg = Debug|Any CPU
		{2C17D00B-8683-4463-8681-526515DB1BD1}.Debug|Any CPU.Build.0 = Debug|Any CPU
		{2C17D00B-8683-4463-8681-526515DB1BD1}.Release|Any CPU.ActiveCfg = Release|Any CPU
		{2C17D00B-8683-4463-8681-526515DB1BD1}.Release|Any CPU.Build.0 = Release|Any CPU
	EndGlobalSection
	GlobalSection(SolutionProperties) = preSolution
		HideSolutionNode = FALSE
	EndGlobalSection
	GlobalSection(ExtensibilityGlobals) = postSolution
		SolutionGuid = {7F5508F5-DBE9-448A-8B93-17DDA84AF511}
	EndGlobalSection
EndGlobal
